{
  "name": "block-todo",
  "lockfileVersion": 3,
  "requires": true,
  "packages": {
    "": {
      "dependencies": {
        "todolist": "file:.."
      }
    },
    "..": {
      "name": "todolist",
      "version": "1.0.0",
      "license": "ISC",
      "dependencies": {
        "dotenv": "^16.4.5",
        "express": "^4.21.1",
        "truffle-contract": "^4.0.31",
        "web3": "^4.13.0"
      },
      "devDependencies": {
        "nodemon": "^3.1.7"
      }
    },
    "node_modules/todolist": {
      "resolved": "..",
      "link": true
    }
  }
}
